
Microsoft Visual Studio Solution File, Format Version 12.00
# Visual Studio Version 17
VisualStudioVersion = 17.12.35527.113
MinimumVisualStudioVersion = 10.0.40219.1
Project("{FAE04EC0-301F-11D3-BF4B-00C04F79EFBC}") = "BL", "BL\BL.csproj", "{16952FCB-9038-4E09-A996-614E5E9A9E8D}"
EndProject
Project("{FAE04EC0-301F-11D3-BF4B-00C04F79EFBC}") = "DAL", "DAL\DAL.csproj", "{6007CF7D-9235-4A84-B344-2674FB13D1CD}"
EndProject
Project("{FAE04EC0-301F-11D3-BF4B-00C04F79EFBC}") = "MedicalSystem", "MedicalSystem\MedicalSystem.csproj", "{6020E3F8-0D51-4C1C-BF24-61BC66754AFA}"
EndProject
Global
	GlobalSection(SolutionConfigurationPlatforms) = preSolution
		Debug|Any CPU = Debug|Any CPU
		Release|Any CPU = Release|Any CPU
	EndGlobalSection
	GlobalSection(ProjectConfigurationPlatforms) = postSolution
		{16952FCB-9038-4E09-A996-614E5E9A9E8D}.Debug|Any CPU.ActiveCfg = Debug|Any CPU
		{16952FCB-9038-4E09-A996-614E5E9A9E8D}.Debug|Any CPU.Build.0 = Debug|Any CPU
		{16952FCB-9038-4E09-A996-614E5E9A9E8D}.Release|Any CPU.ActiveCfg = Release|Any CPU
		{16952FCB-9038-4E09-A996-614E5E9A9E8D}.Release|Any CPU.Build.0 = Release|Any CPU
		{6007CF7D-9235-4A84-B344-2674FB13D1CD}.Debug|Any CPU.ActiveCfg = Debug|Any CPU
		{6007CF7D-9235-4A84-B344-2674FB13D1CD}.Debug|Any CPU.Build.0 = Debug|Any CPU
		{6007CF7D-9235-4A84-B344-2674FB13D1CD}.Release|Any CPU.ActiveCfg = Release|Any CPU
		{6007CF7D-9235-4A84-B344-2674FB13D1CD}.Release|Any CPU.Build.0 = Release|Any CPU
		{6020E3F8-0D51-4C1C-BF24-61BC66754AFA}.Debug|Any CPU.ActiveCfg = Debug|Any CPU
		{6020E3F8-0D51-4C1C-BF24-61BC66754AFA}.Debug|Any CPU.Build.0 = Debug|Any CPU
		{6020E3F8-0D51-4C1C-BF24-61BC66754AFA}.Release|Any CPU.ActiveCfg = Release|Any CPU
		{6020E3F8-0D51-4C1C-BF24-61BC66754AFA}.Release|Any CPU.Build.0 = Release|Any CPU
	EndGlobalSection
	GlobalSection(SolutionProperties) = preSolution
		HideSolutionNode = FALSE
	EndGlobalSection
EndGlobal
